{
  "name": "intelligible-certificate",
  "version": "1.0.1",
  "lockfileVersion": 2,
  "requires": true,
  "packages": {
    "": {
      "name": "intelligible-certificate",
      "version": "1.0.1",
      "license": "MIT",
      "dependencies": {
        "intelligible-metadata-doc": "file:../intelligible-metadata-doc",
        "intelligible-nft-web3": "file:../intelligible-nft-web3"
      },
      "devDependencies": {
        "intelligible-identity": "file:../intelligible-identity"
      }
    },
    "../intelligible-identity": {
      "version": "1.0.1",
      "dev": true,
      "license": "MIT",
      "dependencies": {
        "ethereumjs-util": "^7.0.8",
        "intelligible-metadata-doc": "file:../intelligible-metadata-doc",
        "intelligible-nft-web3": "file:../intelligible-nft-web3"
      }
    },
    "../intelligible-metadata-doc": {
      "version": "1.0.1",
      "license": "MIT",
      "dependencies": {
        "xmlbuilder2": "^2.4.0"
      }
    },
    "../intelligible-nft-web3": {
      "version": "1.0.1",
      "license": "MIT",
      "dependencies": {
        "ethereumjs-util": "^7.0.8",
        "web3": "^1.7.1"
      }
    },
    "node_modules/intelligible-identity": {
      "resolved": "../intelligible-identity",
      "link": true
    },
    "node_modules/intelligible-metadata-doc": {
      "resolved": "../intelligible-metadata-doc",
      "link": true
    },
    "node_modules/intelligible-nft-web3": {
      "resolved": "../intelligible-nft-web3",
      "link": true
    }
  },
  "dependencies": {
    "intelligible-identity": {
      "version": "file:../intelligible-identity",
      "requires": {
        "ethereumjs-util": "^7.0.8",
        "intelligible-metadata-doc": "file:../intelligible-metadata-doc",
        "intelligible-nft-web3": "file:../intelligible-nft-web3"
      }
    },
    "intelligible-metadata-doc": {
      "version": "file:../intelligible-metadata-doc",
      "requires": {
        "xmlbuilder2": "^2.4.0"
      }
    },
    "intelligible-nft-web3": {
      "version": "file:../intelligible-nft-web3",
      "requires": {
        "ethereumjs-util": "^7.0.8",
        "web3": "^1.7.1"
      }
    }
  }
}
