{
  "name": "intelligible-certificate",
  "version": "1.0.1",
  "lockfileVersion": 2,
  "requires": true,
  "packages": {
    "": {
      "name": "intelligible-certificate",
      "version": "1.0.1",
      "license": "MIT",
      "dependencies": {
        "intelligible-akn-doc": "file:../intelligible-akn-doc",
        "intelligible-nft-web3": "file:../intelligible-nft-web3",
        "intelligible-nostdsign-doc": "file:../intelligible-nostdsign-doc",
        "intelligible-storage-ipfs": "file:../intelligible-storage-ipfs"
      },
      "devDependencies": {
        "intelligible-identity": "file:../intelligible-identity"
      }
    },
    "../intelligible-akn-doc": {
      "version": "1.0.1",
      "license": "MIT",
      "dependencies": {
        "xmlbuilder2": "^2.4.0"
      }
    },
    "../intelligible-identity": {
      "version": "1.0.1",
      "dev": true,
      "license": "MIT",
      "dependencies": {
        "ethereumjs-util": "^7.0.8",
        "intelligible-akn-doc": "file:../intelligible-akn-doc",
        "intelligible-nft-web3": "file:../intelligible-nft-web3",
        "intelligible-nostdsign-doc": "file:../intelligible-nostdsign-doc",
        "intelligible-storage-ipfs": "file:../intelligible-storage-ipfs"
      }
    },
    "../intelligible-metadata-doc": {
      "version": "1.0.1",
      "extraneous": true,
      "license": "MIT",
      "dependencies": {
        "xmlbuilder2": "^2.4.0"
      }
    },
    "../intelligible-nft-web3": {
      "version": "1.0.1",
      "license": "MIT",
      "dependencies": {
        "ethereumjs-util": "^7.0.8",
        "web3": "^1.7.1"
      }
    },
    "../intelligible-nostdsign-doc": {
      "version": "1.0.1",
      "license": "MIT",
      "dependencies": {
        "xmlbuilder2": "^3.0.2"
      }
    },
    "../intelligible-storage-ipfs": {
      "version": "1.0.1",
      "license": "MIT",
      "dependencies": {
        "bl": "^5.0.0",
        "ipfs-http-client": "^56.0.2",
        "uint8arrays": "^3.0.0"
      }
    },
    "node_modules/intelligible-akn-doc": {
      "resolved": "../intelligible-akn-doc",
      "link": true
    },
    "node_modules/intelligible-identity": {
      "resolved": "../intelligible-identity",
      "link": true
    },
    "node_modules/intelligible-nft-web3": {
      "resolved": "../intelligible-nft-web3",
      "link": true
    },
    "node_modules/intelligible-nostdsign-doc": {
      "resolved": "../intelligible-nostdsign-doc",
      "link": true
    },
    "node_modules/intelligible-storage-ipfs": {
      "resolved": "../intelligible-storage-ipfs",
      "link": true
    }
  },
  "dependencies": {
    "intelligible-akn-doc": {
      "version": "file:../intelligible-akn-doc",
      "requires": {
        "xmlbuilder2": "^2.4.0"
      }
    },
    "intelligible-identity": {
      "version": "file:../intelligible-identity",
      "requires": {
        "ethereumjs-util": "^7.0.8",
        "intelligible-akn-doc": "file:../intelligible-akn-doc",
        "intelligible-nft-web3": "file:../intelligible-nft-web3",
        "intelligible-nostdsign-doc": "file:../intelligible-nostdsign-doc",
        "intelligible-storage-ipfs": "file:../intelligible-storage-ipfs"
      }
    },
    "intelligible-nft-web3": {
      "version": "file:../intelligible-nft-web3",
      "requires": {
        "ethereumjs-util": "^7.0.8",
        "web3": "^1.7.1"
      }
    },
    "intelligible-nostdsign-doc": {
      "version": "file:../intelligible-nostdsign-doc",
      "requires": {
        "xmlbuilder2": "^3.0.2"
      }
    },
    "intelligible-storage-ipfs": {
      "version": "file:../intelligible-storage-ipfs",
      "requires": {
        "bl": "^5.0.0",
        "ipfs-http-client": "^56.0.2",
        "uint8arrays": "^3.0.0"
      }
    }
  }
}
